
Microsoft Visual Studio Solution File, Format Version 12.00
# Visual Studio Version 17
VisualStudioVersion = 17.8.34525.116
MinimumVisualStudioVersion = 10.0.40219.1
Project("{9A19103F-16F7-4668-BE54-9A1E7A4F7556}") = "KhumaloCraftEmporium", "KhumaloCraftEmporium.csproj", "{395846B8-8B60-4338-9DB6-A83E1EB08FE7}"
EndProject
Global
	GlobalSection(SolutionConfigurationPlatforms) = preSolution
		Debug|Any CPU = Debug|Any CPU
		Release|Any CPU = Release|Any CPU
	EndGlobalSection
	GlobalSection(ProjectConfigurationPlatforms) = postSolution
		{395846B8-8B60-4338-9DB6-A83E1EB08FE7}.Debug|Any CPU.ActiveCfg = Debug|Any CPU
		{395846B8-8B60-4338-9DB6-A83E1EB08FE7}.Debug|Any CPU.Build.0 = Debug|Any CPU
		{395846B8-8B60-4338-9DB6-A83E1EB08FE7}.Release|Any CPU.ActiveCfg = Release|Any CPU
		{395846B8-8B60-4338-9DB6-A83E1EB08FE7}.Release|Any CPU.Build.0 = Release|Any CPU
	EndGlobalSection
	GlobalSection(SolutionProperties) = preSolution
		HideSolutionNode = FALSE
	EndGlobalSection
	GlobalSection(ExtensibilityGlobals) = postSolution
		SolutionGuid = {386DBDFB-3F6D-4B86-A50E-0B71AAE1E723}
	EndGlobalSection
EndGlobal
